
Microsoft Visual Studio Solution File, Format Version 12.00
# Visual Studio Version 16
VisualStudioVersion = 16.0.31424.327
MinimumVisualStudioVersion = 10.0.40219.1
Project("{FAE04EC0-301F-11D3-BF4B-00C04F79EFBC}") = "WebApplication1", "WebApplication1\WebApplication1.csproj", "{3F4E1B89-F1CE-4529-A1B2-65D0526FE688}"
EndProject
Global
	GlobalSection(SolutionConfigurationPlatforms) = preSolution
		Debug|Any CPU = Debug|Any CPU
		Release|Any CPU = Release|Any CPU
	EndGlobalSection
	GlobalSection(ProjectConfigurationPlatforms) = postSolution
		{3F4E1B89-F1CE-4529-A1B2-65D0526FE688}.Debug|Any CPU.ActiveCfg = Debug|Any CPU
		{3F4E1B89-F1CE-4529-A1B2-65D0526FE688}.Debug|Any CPU.Build.0 = Debug|Any CPU
		{3F4E1B89-F1CE-4529-A1B2-65D0526FE688}.Release|Any CPU.ActiveCfg = Release|Any CPU
		{3F4E1B89-F1CE-4529-A1B2-65D0526FE688}.Release|Any CPU.Build.0 = Release|Any CPU
	EndGlobalSection
	GlobalSection(SolutionProperties) = preSolution
		HideSolutionNode = FALSE
	EndGlobalSection
	GlobalSection(ExtensibilityGlobals) = postSolution
		SolutionGuid = {F363777A-4F25-4A13-9257-BE4BB0DAC591}
	EndGlobalSection
EndGlobal
